
Microsoft Visual Studio Solution File, Format Version 12.00
# Visual Studio Version 16
VisualStudioVersion = 16.0.810.25
MinimumVisualStudioVersion = 10.0.40219.1
Project("{FAE04EC0-301F-11D3-BF4B-00C04F79EFBC}") = "GoTogether.API", "GoTogetherAPI\GoTogether.API.csproj", "{2731EA2A-57DF-49E3-A038-4EAB11E5A14C}"
EndProject
Project("{FAE04EC0-301F-11D3-BF4B-00C04F79EFBC}") = "GoTogether.DataAccess", "GoTogether.DataAccess\GoTogether.DataAccess.csproj", "{7BF9E3BE-B555-4A7B-B64D-D114D2C15BE6}"
EndProject
Project("{FAE04EC0-301F-11D3-BF4B-00C04F79EFBC}") = "GoTogether.Tests", "GoTogether.Tests\GoTogether.Tests.csproj", "{397F3C67-5C56-44C2-89E6-3CDF79B11F42}"
EndProject
Global
	GlobalSection(SolutionConfigurationPlatforms) = preSolution
		Debug|Any CPU = Debug|Any CPU
		Release|Any CPU = Release|Any CPU
	EndGlobalSection
	GlobalSection(ProjectConfigurationPlatforms) = postSolution
		{2731EA2A-57DF-49E3-A038-4EAB11E5A14C}.Debug|Any CPU.ActiveCfg = Debug|Any CPU
		{2731EA2A-57DF-49E3-A038-4EAB11E5A14C}.Debug|Any CPU.Build.0 = Debug|Any CPU
		{2731EA2A-57DF-49E3-A038-4EAB11E5A14C}.Release|Any CPU.ActiveCfg = Release|Any CPU
		{2731EA2A-57DF-49E3-A038-4EAB11E5A14C}.Release|Any CPU.Build.0 = Release|Any CPU
		{7BF9E3BE-B555-4A7B-B64D-D114D2C15BE6}.Debug|Any CPU.ActiveCfg = Debug|Any CPU
		{7BF9E3BE-B555-4A7B-B64D-D114D2C15BE6}.Debug|Any CPU.Build.0 = Debug|Any CPU
		{7BF9E3BE-B555-4A7B-B64D-D114D2C15BE6}.Release|Any CPU.ActiveCfg = Release|Any CPU
		{7BF9E3BE-B555-4A7B-B64D-D114D2C15BE6}.Release|Any CPU.Build.0 = Release|Any CPU
		{397F3C67-5C56-44C2-89E6-3CDF79B11F42}.Debug|Any CPU.ActiveCfg = Debug|Any CPU
		{397F3C67-5C56-44C2-89E6-3CDF79B11F42}.Debug|Any CPU.Build.0 = Debug|Any CPU
		{397F3C67-5C56-44C2-89E6-3CDF79B11F42}.Release|Any CPU.ActiveCfg = Release|Any CPU
		{397F3C67-5C56-44C2-89E6-3CDF79B11F42}.Release|Any CPU.Build.0 = Release|Any CPU
	EndGlobalSection
	GlobalSection(SolutionProperties) = preSolution
		HideSolutionNode = FALSE
	EndGlobalSection
	GlobalSection(ExtensibilityGlobals) = postSolution
		SolutionGuid = {7ABFC7B9-B250-4C6F-A949-638E82D8B5A3}
	EndGlobalSection
EndGlobal
